
Microsoft Visual Studio Solution File, Format Version 12.00
# Visual Studio 14
VisualStudioVersion = 14.0.23107.0
MinimumVisualStudioVersion = 10.0.40219.1
Project("{FAE04EC0-301F-11D3-BF4B-00C04F79EFBC}") = "ConsoleApplication1", "ConsoleApplication1\ConsoleApplication1.csproj", "{5CDB46EB-F84A-4C12-8995-825B80FDE0ED}"
EndProject
Project("{FAE04EC0-301F-11D3-BF4B-00C04F79EFBC}") = "ConsoleApplication2", "ConsoleApplication2\ConsoleApplication2.csproj", "{41DEF867-FD99-4DBE-92E0-DEBA38FEE368}"
EndProject
Global
	GlobalSection(SolutionConfigurationPlatforms) = preSolution
		Debug|Any CPU = Debug|Any CPU
		Release|Any CPU = Release|Any CPU
	EndGlobalSection
	GlobalSection(ProjectConfigurationPlatforms) = postSolution
		{5CDB46EB-F84A-4C12-8995-825B80FDE0ED}.Debug|Any CPU.ActiveCfg = Debug|Any CPU
		{5CDB46EB-F84A-4C12-8995-825B80FDE0ED}.Debug|Any CPU.Build.0 = Debug|Any CPU
		{5CDB46EB-F84A-4C12-8995-825B80FDE0ED}.Release|Any CPU.ActiveCfg = Release|Any CPU
		{5CDB46EB-F84A-4C12-8995-825B80FDE0ED}.Release|Any CPU.Build.0 = Release|Any CPU
		{41DEF867-FD99-4DBE-92E0-DEBA38FEE368}.Debug|Any CPU.ActiveCfg = Debug|Any CPU
		{41DEF867-FD99-4DBE-92E0-DEBA38FEE368}.Debug|Any CPU.Build.0 = Debug|Any CPU
		{41DEF867-FD99-4DBE-92E0-DEBA38FEE368}.Release|Any CPU.ActiveCfg = Release|Any CPU
		{41DEF867-FD99-4DBE-92E0-DEBA38FEE368}.Release|Any CPU.Build.0 = Release|Any CPU
	EndGlobalSection
	GlobalSection(SolutionProperties) = preSolution
		HideSolutionNode = FALSE
	EndGlobalSection
EndGlobal
